# This file is automatically @generated by Cargo.
# It is not intended for manual editing.
version = 4

[[package]]
name = "floppy_audio"
version = "0.1.0"
dependencies = [
 "floppy_core",
]

[[package]]
name = "floppy_core"
version = "0.1.0"

[[package]]
name = "floppy_io"
version = "0.1.0"

[[package]]
name = "floppy_render"
version = "0.1.0"
dependencies = [
 "floppy_core",
]

[[package]]
name = "floppy_spin"
version = "0.1.0"
dependencies = [
 "floppy_audio",
 "floppy_core",
 "floppy_io",
 "floppy_render",
]
